# This file is generated by running "yarn install" inside your project.
# Manual changes might be lost - proceed with caution!

__metadata:
  version: 4
  cacheKey: 7

"buffer-from@npm:^1.0.0":
  version: 1.1.1
  resolution: "buffer-from@npm:1.1.1"
  checksum: 540ceb79c4f5bfcadaabbc18324fa84c50dc52905084be7c03596a339cf5a88513bee6831ce9b36ddd046fab09257a7c80686e129d0559a0cfd141da196ad956
  languageName: node
  linkType: hard

"commander@npm:^2.20.0":
  version: 2.20.3
  resolution: "commander@npm:2.20.3"
  checksum: b73428e97de7624323f81ba13f8ed9271de487017432d18b4da3f07cfc528ad754bbd199004bd5d14e0ccd67d1fdfe0ec8dbbd4c438b401df3c4cc387bfd1daa
  languageName: node
  linkType: hard

"noderq@workspace:.":
  version: 0.0.0-use.local
  resolution: "noderq@workspace:."
  dependencies:
    terser: ^5.7.0
  peerDependencies:
    "@babel/register": ^7.0.0
    coffeescript: ^2.0.0
    esm: ^3.0.0
    node: ">=14"
    ts-node: ^9.0.0
    v8-compile-cache: ^2.0.0
  peerDependenciesMeta:
    "@babel/register":
      optional: true
    coffeescript:
      optional: true
    esm:
      optional: true
    node:
      optional: true
    ts-node:
      optional: true
    v8-compile-cache:
      optional: true
  bin:
    noderq: bin/index.js
  languageName: unknown
  linkType: soft

"source-map-support@npm:~0.5.19":
  version: 0.5.19
  resolution: "source-map-support@npm:0.5.19"
  dependencies:
    buffer-from: ^1.0.0
    source-map: ^0.6.0
  checksum: 59d4efaae97755155b078413ecba63517e3ef054cc7ab767bbd30e6f3054be2ae8e8f5cce7eef53b7eb93e98fe27a58dd8f5e7abfb13144ba420ddaf5267bbb2
  languageName: node
  linkType: hard

"source-map@npm:^0.6.0":
  version: 0.6.1
  resolution: "source-map@npm:0.6.1"
  checksum: 8647829a0611724114022be455ca1c8a2c8ae61df81c5b3667d9b398207226a1e21174fb7bbf0b4dbeb27ac358222afb5a14f1c74a62a62b8883b012e5eb1270
  languageName: node
  linkType: hard

"source-map@npm:~0.7.2":
  version: 0.7.3
  resolution: "source-map@npm:0.7.3"
  checksum: 351ce26ffa1ebf203660c0d70d7566c81e65d2d994d1c2d94da140808e02da34961673ce12ecea9b40797b96fbeb8c70bf71a4ad9f779f1a4fdbba75530bb386
  languageName: node
  linkType: hard

"terser@npm:^5.7.0":
  version: 5.7.0
  resolution: "terser@npm:5.7.0"
  dependencies:
    commander: ^2.20.0
    source-map: ~0.7.2
    source-map-support: ~0.5.19
  bin:
    terser: bin/terser
  checksum: 9604fed5b093ee8000282cc69b07ff7a4e651aa13cb6e34055bf77592a4e1d0fed80c19ee80fe3a4e92f5485badcafb5aeed414fe8b5b7185599707236111900
  languageName: node
  linkType: hard
